
Microsoft Visual Studio Solution File, Format Version 12.00
# Visual Studio Version 16
VisualStudioVersion = 16.0.28922.388
MinimumVisualStudioVersion = 10.0.40219.1
Project("{FAE04EC0-301F-11D3-BF4B-00C04F79EFBC}") = "Laba14", "Laba14\Laba14.csproj", "{DDD33078-D00F-404C-8F36-34E611A4DD3B}"
EndProject
Global
	GlobalSection(SolutionConfigurationPlatforms) = preSolution
		Debug|Any CPU = Debug|Any CPU
		Release|Any CPU = Release|Any CPU
	EndGlobalSection
	GlobalSection(ProjectConfigurationPlatforms) = postSolution
		{DDD33078-D00F-404C-8F36-34E611A4DD3B}.Debug|Any CPU.ActiveCfg = Debug|Any CPU
		{DDD33078-D00F-404C-8F36-34E611A4DD3B}.Debug|Any CPU.Build.0 = Debug|Any CPU
		{DDD33078-D00F-404C-8F36-34E611A4DD3B}.Release|Any CPU.ActiveCfg = Release|Any CPU
		{DDD33078-D00F-404C-8F36-34E611A4DD3B}.Release|Any CPU.Build.0 = Release|Any CPU
	EndGlobalSection
	GlobalSection(SolutionProperties) = preSolution
		HideSolutionNode = FALSE
	EndGlobalSection
	GlobalSection(ExtensibilityGlobals) = postSolution
		SolutionGuid = {E1AB66C2-E0A3-4F6D-A0DD-6DF3FF9DCE1E}
	EndGlobalSection
EndGlobal
